{
  "requires": true,
  "lockfileVersion": 1,
  "dependencies": {
    "@orange-games/phaser-nineslice": {
      "version": "2.0.1",
      "resolved": "https://registry.npmjs.org/@orange-games/phaser-nineslice/-/phaser-nineslice-2.0.1.tgz",
      "integrity": "sha1-Q/fO7gleIPks7QgkBxaac1BpONk=",
      "dev": true
    }
  }
}
